
Microsoft Visual Studio Solution File, Format Version 11.00
# Visual Studio 2010
Project("{FAE04EC0-301F-11D3-BF4B-00C04F79EFBC}") = "Assembly-CSharp", "Assembly-CSharp.csproj", "{34F8A1F5-27EA-1BEF-4C22-0FEF63C875FD}"
EndProject
Global
	GlobalSection(SolutionConfigurationPlatforms) = preSolution
		Debug|Any CPU = Debug|Any CPU
		Release|Any CPU = Release|Any CPU
	EndGlobalSection
	GlobalSection(ProjectConfigurationPlatforms) = postSolution
		{34F8A1F5-27EA-1BEF-4C22-0FEF63C875FD}.Debug|Any CPU.ActiveCfg = Debug|Any CPU
		{34F8A1F5-27EA-1BEF-4C22-0FEF63C875FD}.Debug|Any CPU.Build.0 = Debug|Any CPU
		{34F8A1F5-27EA-1BEF-4C22-0FEF63C875FD}.Release|Any CPU.ActiveCfg = Release|Any CPU
		{34F8A1F5-27EA-1BEF-4C22-0FEF63C875FD}.Release|Any CPU.Build.0 = Release|Any CPU
	EndGlobalSection
	GlobalSection(SolutionProperties) = preSolution
		HideSolutionNode = FALSE
	EndGlobalSection
	GlobalSection(MonoDevelopProperties) = preSolution
		StartupItem = Assembly-CSharp.csproj
	EndGlobalSection
EndGlobal
